
Microsoft Visual Studio Solution File, Format Version 12.00
# Visual Studio 15
VisualStudioVersion = 15.0.27703.2047
MinimumVisualStudioVersion = 10.0.40219.1
Project("{FAE04EC0-301F-11D3-BF4B-00C04F79EFBC}") = "2002807_Maeda_6.4", "2002807_Maeda_6.4\2002807_Maeda_6.4.csproj", "{86B6F790-961E-4CA3-9443-16DD62DD8F6E}"
EndProject
Global
	GlobalSection(SolutionConfigurationPlatforms) = preSolution
		Debug|Any CPU = Debug|Any CPU
		Release|Any CPU = Release|Any CPU
	EndGlobalSection
	GlobalSection(ProjectConfigurationPlatforms) = postSolution
		{86B6F790-961E-4CA3-9443-16DD62DD8F6E}.Debug|Any CPU.ActiveCfg = Debug|Any CPU
		{86B6F790-961E-4CA3-9443-16DD62DD8F6E}.Debug|Any CPU.Build.0 = Debug|Any CPU
		{86B6F790-961E-4CA3-9443-16DD62DD8F6E}.Release|Any CPU.ActiveCfg = Release|Any CPU
		{86B6F790-961E-4CA3-9443-16DD62DD8F6E}.Release|Any CPU.Build.0 = Release|Any CPU
	EndGlobalSection
	GlobalSection(SolutionProperties) = preSolution
		HideSolutionNode = FALSE
	EndGlobalSection
	GlobalSection(ExtensibilityGlobals) = postSolution
		SolutionGuid = {E2424558-060A-4A6D-BE93-3F7C77E04921}
	EndGlobalSection
EndGlobal
